// !$*UTF8*$!
{
	archiveVersion = 1;
	classes = {
	};
	objectVersion = 46;
	objects = {

/* Begin PBXBuildFile section */
		1C0238171BA0C0680095388F /* main.m in Sources */ = {isa = PBXBuildFile; fileRef = 1C0238161BA0C0680095388F /* main.m */; };
		1C02381A1BA0C0680095388F /* AppDelegate.m in Sources */ = {isa = PBXBuildFile; fileRef = 1C0238191BA0C0680095388F /* AppDelegate.m */; };
		1C02381D1BA0C0680095388F /* ViewController.m in Sources */ = {isa = PBXBuildFile; fileRef = 1C02381C1BA0C0680095388F /* ViewController.m */; };
		1C0238201BA0C0680095388F /* Main.storyboard in Resources */ = {isa = PBXBuildFile; fileRef = 1C02381E1BA0C0680095388F /* Main.storyboard */; };
		1C0238221BA0C0680095388F /* Images.xcassets in Resources */ = {isa = PBXBuildFile; fileRef = 1C0238211BA0C0680095388F /* Images.xcassets */; };
		1C0238251BA0C0690095388F /* LaunchScreen.xib in Resources */ = {isa = PBXBuildFile; fileRef = 1C0238231BA0C0690095388F /* LaunchScreen.xib */; };
		1C0238311BA0C0690095388F /* Lab_1Tests.m in Sources */ = {isa = PBXBuildFile; fileRef = 1C0238301BA0C0690095388F /* Lab_1Tests.m */; };
/* End PBXBuildFile section */

/* Begin PBXContainerItemProxy section */
		1C02382B1BA0C0690095388F /* PBXContainerItemProxy */ = {
			isa = PBXContainerItemProxy;
			containerPortal = 1C0238091BA0C0660095388F /* Project object */;
			proxyType = 1;
			remoteGlobalIDString = 1C0238101BA0C0670095388F;
			remoteInfo = "Lab 1";
		};
/* End PBXContainerItemProxy section */

/* Begin PBXFileReference section */
		1C0238111BA0C0680095388F /* Lab 1.app */ = {isa = PBXFileReference; explicitFileType = wrapper.application; includeInIndex = 0; path = "Lab 1.app"; sourceTree = BUILT_PRODUCTS_DIR; };
		1C0238151BA0C0680095388F /* Info.plist */ = {isa = PBXFileReference; lastKnownFileType = text.plist.xml; path = Info.plist; sourceTree = "<group>"; };
		1C0238161BA0C0680095388F /* main.m */ = {isa = PBXFileReference; lastKnownFileType = sourcecode.c.objc; path = main.m; sourceTree = "<group>"; };
		1C0238181BA0C0680095388F /* AppDelegate.h */ = {isa = PBXFileReference; lastKnownFileType = sourcecode.c.h; path = AppDelegate.h; sourceTree = "<group>"; };
		1C0238191BA0C0680095388F /* AppDelegate.m */ = {isa = PBXFileReference; lastKnownFileType = sourcecode.c.objc; path = AppDelegate.m; sourceTree = "<group>"; };
		1C02381B1BA0C0680095388F /* ViewController.h */ = {isa = PBXFileReference; lastKnownFileType = sourcecode.c.h; path = ViewController.h; sourceTree = "<group>"; };
		1C02381C1BA0C0680095388F /* ViewController.m */ = {isa = PBXFileReference; lastKnownFileType = sourcecode.c.objc; path = ViewController.m; sourceTree = "<group>"; };
		1C02381F1BA0C0680095388F /* Base */ = {isa = PBXFileReference; lastKnownFileType = file.storyboard; name = Base; path = Base.lproj/Main.storyboard; sourceTree = "<group>"; };
		1C0238211BA0C0680095388F /* Images.xcassets */ = {isa = PBXFileReference; lastKnownFileType = folder.assetcatalog; path = Images.xcassets; sourceTree = "<group>"; };
		1C0238241BA0C0690095388F /* Base */ = {isa = PBXFileReference; lastKnownFileType = file.xib; name = Base; path = Base.lproj/LaunchScreen.xib; sourceTree = "<group>"; };
		1C02382A1BA0C0690095388F /* Lab 1Tests.xctest */ = {isa = PBXFileReference; explicitFileType = wrapper.cfbundle; includeInIndex = 0; path = "Lab 1Tests.xctest"; sourceTree = BUILT_PRODUCTS_DIR; };
		1C02382F1BA0C0690095388F /* Info.plist */ = {isa = PBXFileReference; lastKnownFileType = text.plist.xml; path = Info.plist; sourceTree = "<group>"; };
		1C0238301BA0C0690095388F /* Lab_1Tests.m */ = {isa = PBXFileReference; lastKnownFileType = sourcecode.c.objc; path = Lab_1Tests.m; sourceTree = "<group>"; };
/* End PBXFileReference section */

/* Begin PBXFrameworksBuildPhase section */
		1C02380E1BA0C0670095388F /* Frameworks */ = {
			isa = PBXFrameworksBuildPhase;
			buildActionMask = 2147483647;
			files = (
			);
			runOnlyForDeploymentPostprocessing = 0;
		};
		1C0238271BA0C0690095388F /* Frameworks */ = {
			isa = PBXFrameworksBuildPhase;
			buildActionMask = 2147483647;
			files = (
			);
			runOnlyForDeploymentPostprocessing = 0;
		};
/* End PBXFrameworksBuildPhase section */

/* Begin PBXGroup section */
		1C0238081BA0C0660095388F = {
			isa = PBXGroup;
			children = (
				1C0238131BA0C0680095388F /* Lab 1 */,
				1C02382D1BA0C0690095388F /* Lab 1Tests */,
				1C0238121BA0C0680095388F /* Products */,
			);
			sourceTree = "<group>";
		};
		1C0238121BA0C0680095388F /* Products */ = {
			isa = PBXGroup;
			children = (
				1C0238111BA0C0680095388F /* Lab 1.app */,
				1C02382A1BA0C0690095388F /* Lab 1Tests.xctest */,
			);
			name = Products;
			sourceTree = "<group>";
		};
		1C0238131BA0C0680095388F /* Lab 1 */ = {
			isa = PBXGroup;
			children = (
				1C0238181BA0C0680095388F /* AppDelegate.h */,
				1C0238191BA0C0680095388F /* AppDelegate.m */,
				1C02381B1BA0C0680095388F /* ViewController.h */,
				1C02381C1BA0C0680095388F /* ViewController.m */,
				1C02381E1BA0C0680095388F /* Main.storyboard */,
				1C0238211BA0C0680095388F /* Images.xcassets */,
				1C0238231BA0C0690095388F /* LaunchScreen.xib */,
				1C0238141BA0C0680095388F /* Supporting Files */,
			);
			path = "Lab 1";
			sourceTree = "<group>";
		};
		1C0238141BA0C0680095388F /* Supporting Files */ = {
			isa = PBXGroup;
			children = (
				1C0238151BA0C0680095388F /* Info.plist */,
				1C0238161BA0C0680095388F /* main.m */,
			);
			name = "Supporting Files";
			sourceTree = "<group>";
		};
		1C02382D1BA0C0690095388F /* Lab 1Tests */ = {
			isa = PBXGroup;
			children = (
				1C0238301BA0C0690095388F /* Lab_1Tests.m */,
				1C02382E1BA0C0690095388F /* Supporting Files */,
			);
			path = "Lab 1Tests";
			sourceTree = "<group>";
		};
		1C02382E1BA0C0690095388F /* Supporting Files */ = {
			isa = PBXGroup;
			children = (
				1C02382F1BA0C0690095388F /* Info.plist */,
			);
			name = "Supporting Files";
			sourceTree = "<group>";
		};
/* End PBXGroup section */

/* Begin PBXNativeTarget section */
		1C0238101BA0C0670095388F /* Lab 1 */ = {
			isa = PBXNativeTarget;
			buildConfigurationList = 1C0238341BA0C0690095388F /* Build configuration list for PBXNativeTarget "Lab 1" */;
			buildPhases = (
				1C02380D1BA0C0670095388F /* Sources */,
				1C02380E1BA0C0670095388F /* Frameworks */,
				1C02380F1BA0C0670095388F /* Resources */,
			);
			buildRules = (
			);
			dependencies = (
			);
			name = "Lab 1";
			productName = "Lab 1";
			productReference = 1C0238111BA0C0680095388F /* Lab 1.app */;
			productType = "com.apple.product-type.application";
		};
		1C0238291BA0C0690095388F /* Lab 1Tests */ = {
			isa = PBXNativeTarget;
			buildConfigurationList = 1C0238371BA0C0690095388F /* Build configuration list for PBXNativeTarget "Lab 1Tests" */;
			buildPhases = (
				1C0238261BA0C0690095388F /* Sources */,
				1C0238271BA0C0690095388F /* Frameworks */,
				1C0238281BA0C0690095388F /* Resources */,
			);
			buildRules = (
			);
			dependencies = (
				1C02382C1BA0C0690095388F /* PBXTargetDependency */,
			);
			name = "Lab 1Tests";
			productName = "Lab 1Tests";
			productReference = 1C02382A1BA0C0690095388F /* Lab 1Tests.xctest */;
			productType = "com.apple.product-type.bundle.unit-test";
		};
/* End PBXNativeTarget section */

/* Begin PBXProject section */
		1C0238091BA0C0660095388F /* Project object */ = {
			isa = PBXProject;
			attributes = {
				LastUpgradeCheck = 1020;
				ORGANIZATIONNAME = "Nicholas Caceres";
				TargetAttributes = {
					1C0238101BA0C0670095388F = {
						CreatedOnToolsVersion = 6.4;
					};
					1C0238291BA0C0690095388F = {
						CreatedOnToolsVersion = 6.4;
						TestTargetID = 1C0238101BA0C0670095388F;
					};
				};
			};
			buildConfigurationList = 1C02380C1BA0C0670095388F /* Build configuration list for PBXProject "Lab 1" */;
			compatibilityVersion = "Xcode 3.2";
			developmentRegion = en;
			hasScannedForEncodings = 0;
			knownRegions = (
				en,
				Base,
			);
			mainGroup = 1C0238081BA0C0660095388F;
			productRefGroup = 1C0238121BA0C0680095388F /* Products */;
			projectDirPath = "";
			projectRoot = "";
			targets = (
				1C0238101BA0C0670095388F /* Lab 1 */,
				1C0238291BA0C0690095388F /* Lab 1Tests */,
			);
		};
/* End PBXProject section */

/* Begin PBXResourcesBuildPhase section */
		1C02380F1BA0C0670095388F /* Resources */ = {
			isa = PBXResourcesBuildPhase;
			buildActionMask = 2147483647;
			files = (
				1C0238201BA0C0680095388F /* Main.storyboard in Resources */,
				1C0238251BA0C0690095388F /* LaunchScreen.xib in Resources */,
				1C0238221BA0C0680095388F /* Images.xcassets in Resources */,
			);
			runOnlyForDeploymentPostprocessing = 0;
		};
		1C0238281BA0C0690095388F /* Resources */ = {
			isa = PBXResourcesBuildPhase;
			buildActionMask = 2147483647;
			files = (
			);
			runOnlyForDeploymentPostprocessing = 0;
		};
/* End PBXResourcesBuildPhase section */

/* Begin PBXSourcesBuildPhase section */
		1C02380D1BA0C0670095388F /* Sources */ = {
			isa = PBXSourcesBuildPhase;
			buildActionMask = 2147483647;
			files = (
				1C02381D1BA0C0680095388F /* ViewController.m in Sources */,
				1C02381A1BA0C0680095388F /* AppDelegate.m in Sources */,
				1C0238171BA0C0680095388F /* main.m in Sources */,
			);
			runOnlyForDeploymentPostprocessing = 0;
		};
		1C0238261BA0C0690095388F /* Sources */ = {
			isa = PBXSourcesBuildPhase;
			buildActionMask = 2147483647;
			files = (
				1C0238311BA0C0690095388F /* Lab_1Tests.m in Sources */,
			);
			runOnlyForDeploymentPostprocessing = 0;
		};
/* End PBXSourcesBuildPhase section */

/* Begin PBXTargetDependency section */
		1C02382C1BA0C0690095388F /* PBXTargetDependency */ = {
			isa = PBXTargetDependency;
			target = 1C0238101BA0C0670095388F /* Lab 1 */;
			targetProxy = 1C02382B1BA0C0690095388F /* PBXContainerItemProxy */;
		};
/* End PBXTargetDependency section */

/* Begin PBXVariantGroup section */
		1C02381E1BA0C0680095388F /* Main.storyboard */ = {
			isa = PBXVariantGroup;
			children = (
				1C02381F1BA0C0680095388F /* Base */,
			);
			name = Main.storyboard;
			sourceTree = "<group>";
		};
		1C0238231BA0C0690095388F /* LaunchScreen.xib */ = {
			isa = PBXVariantGroup;
			children = (
				1C0238241BA0C0690095388F /* Base */,
			);
			name = LaunchScreen.xib;
			sourceTree = "<group>";
		};
/* End PBXVariantGroup section */

/* Begin XCBuildConfiguration section */
		1C0238321BA0C0690095388F /* Debug */ = {
			isa = XCBuildConfiguration;
			buildSettings = {
				ALWAYS_SEARCH_USER_PATHS = NO;
				CLANG_ANALYZER_LOCALIZABILITY_NONLOCALIZED = YES;
				CLANG_CXX_LANGUAGE_STANDARD = "gnu++0x";
				CLANG_CXX_LIBRARY = "libc++";
				CLANG_ENABLE_MODULES = YES;
				CLANG_ENABLE_OBJC_ARC = YES;
				CLANG_WARN_BLOCK_CAPTURE_AUTORELEASING = YES;
				CLANG_WARN_BOOL_CONVERSION = YES;
				CLANG_WARN_COMMA = YES;
				CLANG_WARN_CONSTANT_CONVERSION = YES;
				CLANG_WARN_DEPRECATED_OBJC_IMPLEMENTATIONS = YES;
				CLANG_WARN_DIRECT_OBJC_ISA_USAGE = YES_ERROR;
				CLANG_WARN_EMPTY_BODY = YES;
				CLANG_WARN_ENUM_CONVERSION = YES;
				CLANG_WARN_INFINITE_RECURSION = YES;
				CLANG_WARN_INT_CONVERSION = YES;
				CLANG_WARN_NON_LITERAL_NULL_CONVERSION = YES;
				CLANG_WARN_OBJC_IMPLICIT_RETAIN_SELF = YES;
				CLANG_WARN_OBJC_LITERAL_CONVERSION = YES;
				CLANG_WARN_OBJC_ROOT_CLASS = YES_ERROR;
				CLANG_WARN_RANGE_LOOP_ANALYSIS = YES;
				CLANG_WARN_STRICT_PROTOTYPES = YES;
				CLANG_WARN_SUSPICIOUS_MOVE = YES;
				CLANG_WARN_UNREACHABLE_CODE = YES;
				CLANG_WARN__DUPLICATE_METHOD_MATCH = YES;
				"CODE_SIGN_IDENTITY[sdk=iphoneos*]" = "iPhone Developer";
				COPY_PHASE_STRIP = NO;
				DEBUG_INFORMATION_FORMAT = "dwarf-with-dsym";
				ENABLE_STRICT_OBJC_MSGSEND = YES;
				ENABLE_TESTABILITY = YES;
				GCC_C_LANGUAGE_STANDARD = gnu99;
				GCC_DYNAMIC_NO_PIC = NO;
				GCC_NO_COMMON_BLOCKS = YES;
				GCC_OPTIMIZATION_LEVEL = 0;
				GCC_PREPROCESSOR_DEFINITIONS = (
					"DEBUG=1",
					"$(inherited)",
				);
				GCC_SYMBOLS_PRIVATE_EXTERN = NO;
				GCC_WARN_64_TO_32_BIT_CONVERSION = YES;
				GCC_WARN_ABOUT_RETURN_TYPE = YES_ERROR;
				GCC_WARN_UNDECLARED_SELECTOR = YES;
				GCC_WARN_UNINITIALIZED_AUTOS = YES_AGGRESSIVE;
				GCC_WARN_UNUSED_FUNCTION = YES;
				GCC_WARN_UNUSED_VARIABLE = YES;
				IPHONEOS_DEPLOYMENT_TARGET = 8.4;
				MTL_ENABLE_DEBUG_INFO = YES;
				ONLY_ACTIVE_ARCH = YES;
				SDKROOT = iphoneos;
			};
			name = Debug;
		};
		1C0238331BA0C0690095388F /* Release */ = {
			isa = XCBuildConfiguration;
			buildSettings = {
				ALWAYS_SEARCH_USER_PATHS = NO;
				CLANG_ANALYZER_LOCALIZABILITY_NONLOCALIZED = YES;
				CLANG_CXX_LANGUAGE_STANDARD = "gnu++0x";
				CLANG_CXX_LIBRARY = "libc++";
				CLANG_ENABLE_MODULES = YES;
				CLANG_ENABLE_OBJC_ARC = YES;
				CLANG_WARN_BLOCK_CAPTURE_AUTORELEASING = YES;
				CLANG_WARN_BOOL_CONVERSION = YES;
				CLANG_WARN_COMMA = YES;
				CLANG_WARN_CONSTANT_CONVERSION = YES;
				CLANG_WARN_DEPRECATED_OBJC_IMPLEMENTATIONS = YES;
				CLANG_WARN_DIRECT_OBJC_ISA_USAGE = YES_ERROR;
				CLANG_WARN_EMPTY_BODY = YES;
				CLANG_WARN_ENUM_CONVERSION = YES;
				CLANG_WARN_INFINITE_RECURSION = YES;
				CLANG_WARN_INT_CONVERSION = YES;
				CLANG_WARN_NON_LITERAL_NULL_CONVERSION = YES;
				CLANG_WARN_OBJC_IMPLICIT_RETAIN_SELF = YES;
				CLANG_WARN_OBJC_LITERAL_CONVERSION = YES;
				CLANG_WARN_OBJC_ROOT_CLASS = YES_ERROR;
				CLANG_WARN_RANGE_LOOP_ANALYSIS = YES;
				CLANG_WARN_STRICT_PROTOTYPES = YES;
				CLANG_WARN_SUSPICIOUS_MOVE = YES;
				CLANG_WARN_UNREACHABLE_CODE = YES;
				CLANG_WARN__DUPLICATE_METHOD_MATCH = YES;
				"CODE_SIGN_IDENTITY[sdk=iphoneos*]" = "iPhone Developer";
				COPY_PHASE_STRIP = NO;
				DEBUG_INFORMATION_FORMAT = "dwarf-with-dsym";
				ENABLE_NS_ASSERTIONS = NO;
				ENABLE_STRICT_OBJC_MSGSEND = YES;
				GCC_C_LANGUAGE_STANDARD = gnu99;
				GCC_NO_COMMON_BLOCKS = YES;
				GCC_WARN_64_TO_32_BIT_CONVERSION = YES;
				GCC_WARN_ABOUT_RETURN_TYPE = YES_ERROR;
				GCC_WARN_UNDECLARED_SELECTOR = YES;
				GCC_WARN_UNINITIALIZED_AUTOS = YES_AGGRESSIVE;
				GCC_WARN_UNUSED_FUNCTION = YES;
				GCC_WARN_UNUSED_VARIABLE = YES;
				IPHONEOS_DEPLOYMENT_TARGET = 8.4;
				MTL_ENABLE_DEBUG_INFO = NO;
				SDKROOT = iphoneos;
				VALIDATE_PRODUCT = YES;
			};
			name = Release;
		};
		1C0238351BA0C0690095388F /* Debug */ = {
			isa = XCBuildConfiguration;
			buildSettings = {
				ASSETCATALOG_COMPILER_APPICON_NAME = AppIcon;
				INFOPLIST_FILE = "Lab 1/Info.plist";
				LD_RUNPATH_SEARCH_PATHS = "$(inherited) @executable_path/Frameworks";
				PRODUCT_BUNDLE_IDENTIFIER = "edu.usc.$(PRODUCT_NAME:rfc1034identifier)";
				PRODUCT_NAME = "$(TARGET_NAME)";
			};
			name = Debug;
		};
		1C0238361BA0C0690095388F /* Release */ = {
			isa = XCBuildConfiguration;
			buildSettings = {
				ASSETCATALOG_COMPILER_APPICON_NAME = AppIcon;
				INFOPLIST_FILE = "Lab 1/Info.plist";
				LD_RUNPATH_SEARCH_PATHS = "$(inherited) @executable_path/Frameworks";
				PRODUCT_BUNDLE_IDENTIFIER = "edu.usc.$(PRODUCT_NAME:rfc1034identifier)";
				PRODUCT_NAME = "$(TARGET_NAME)";
			};
			name = Release;
		};
		1C0238381BA0C0690095388F /* Debug */ = {
			isa = XCBuildConfiguration;
			buildSettings = {
				BUNDLE_LOADER = "$(TEST_HOST)";
				FRAMEWORK_SEARCH_PATHS = (
					"$(SDKROOT)/Developer/Library/Frameworks",
					"$(inherited)",
				);
				GCC_PREPROCESSOR_DEFINITIONS = (
					"DEBUG=1",
					"$(inherited)",
				);
				INFOPLIST_FILE = "Lab 1Tests/Info.plist";
				LD_RUNPATH_SEARCH_PATHS = "$(inherited) @executable_path/Frameworks @loader_path/Frameworks";
				PRODUCT_BUNDLE_IDENTIFIER = "edu.usc.$(PRODUCT_NAME:rfc1034identifier)";
				PRODUCT_NAME = "$(TARGET_NAME)";
				TEST_HOST = "$(BUILT_PRODUCTS_DIR)/Lab 1.app/Lab 1";
			};
			name = Debug;
		};
		1C0238391BA0C0690095388F /* Release */ = {
			isa = XCBuildConfiguration;
			buildSettings = {
				BUNDLE_LOADER = "$(TEST_HOST)";
				FRAMEWORK_SEARCH_PATHS = (
					"$(SDKROOT)/Developer/Library/Frameworks",
					"$(inherited)",
				);
				INFOPLIST_FILE = "Lab 1Tests/Info.plist";
				LD_RUNPATH_SEARCH_PATHS = "$(inherited) @executable_path/Frameworks @loader_path/Frameworks";
				PRODUCT_BUNDLE_IDENTIFIER = "edu.usc.$(PRODUCT_NAME:rfc1034identifier)";
				PRODUCT_NAME = "$(TARGET_NAME)";
				TEST_HOST = "$(BUILT_PRODUCTS_DIR)/Lab 1.app/Lab 1";
			};
			name = Release;
		};
/* End XCBuildConfiguration section */

/* Begin XCConfigurationList section */
		1C02380C1BA0C0670095388F /* Build configuration list for PBXProject "Lab 1" */ = {
			isa = XCConfigurationList;
			buildConfigurations = (
				1C0238321BA0C0690095388F /* Debug */,
				1C0238331BA0C0690095388F /* Release */,
			);
			defaultConfigurationIsVisible = 0;
			defaultConfigurationName = Release;
		};
		1C0238341BA0C0690095388F /* Build configuration list for PBXNativeTarget "Lab 1" */ = {
			isa = XCConfigurationList;
			buildConfigurations = (
				1C0238351BA0C0690095388F /* Debug */,
				1C0238361BA0C0690095388F /* Release */,
			);
			defaultConfigurationIsVisible = 0;
			defaultConfigurationName = Release;
		};
		1C0238371BA0C0690095388F /* Build configuration list for PBXNativeTarget "Lab 1Tests" */ = {
			isa = XCConfigurationList;
			buildConfigurations = (
				1C0238381BA0C0690095388F /* Debug */,
				1C0238391BA0C0690095388F /* Release */,
			);
			defaultConfigurationIsVisible = 0;
			defaultConfigurationName = Release;
		};
/* End XCConfigurationList section */
	};
	rootObject = 1C0238091BA0C0660095388F /* Project object */;
}
